
Microsoft Visual Studio Solution File, Format Version 12.00
# Visual Studio Version 16
VisualStudioVersion = 16.0.30907.101
MinimumVisualStudioVersion = 10.0.40219.1
Project("{FAE04EC0-301F-11D3-BF4B-00C04F79EFBC}") = "BilibiliWPF.Client", "BilibiliWPF.Client\BilibiliWPF.Client.csproj", "{58997F17-5668-4092-B7C6-0A6E5F4CAA16}"
EndProject
Project("{FAE04EC0-301F-11D3-BF4B-00C04F79EFBC}") = "BilibiliWPF.Controls", "BilibiliWPF.Controls\BilibiliWPF.Controls.csproj", "{A2F98557-6EC3-4EBE-A8DF-BD5F7B7B6314}"
EndProject
Project("{FAE04EC0-301F-11D3-BF4B-00C04F79EFBC}") = "BilibiliWPF.Services", "BilibiliWPF.Services\BilibiliWPF.Services.csproj", "{29AF5075-73AA-42FA-A0AF-F1EF21A14531}"
EndProject
Global
	GlobalSection(SolutionConfigurationPlatforms) = preSolution
		Debug|Any CPU = Debug|Any CPU
		Release|Any CPU = Release|Any CPU
	EndGlobalSection
	GlobalSection(ProjectConfigurationPlatforms) = postSolution
		{58997F17-5668-4092-B7C6-0A6E5F4CAA16}.Debug|Any CPU.ActiveCfg = Debug|Any CPU
		{58997F17-5668-4092-B7C6-0A6E5F4CAA16}.Debug|Any CPU.Build.0 = Debug|Any CPU
		{58997F17-5668-4092-B7C6-0A6E5F4CAA16}.Release|Any CPU.ActiveCfg = Release|Any CPU
		{58997F17-5668-4092-B7C6-0A6E5F4CAA16}.Release|Any CPU.Build.0 = Release|Any CPU
		{A2F98557-6EC3-4EBE-A8DF-BD5F7B7B6314}.Debug|Any CPU.ActiveCfg = Debug|Any CPU
		{A2F98557-6EC3-4EBE-A8DF-BD5F7B7B6314}.Debug|Any CPU.Build.0 = Debug|Any CPU
		{A2F98557-6EC3-4EBE-A8DF-BD5F7B7B6314}.Release|Any CPU.ActiveCfg = Release|Any CPU
		{A2F98557-6EC3-4EBE-A8DF-BD5F7B7B6314}.Release|Any CPU.Build.0 = Release|Any CPU
		{29AF5075-73AA-42FA-A0AF-F1EF21A14531}.Debug|Any CPU.ActiveCfg = Debug|Any CPU
		{29AF5075-73AA-42FA-A0AF-F1EF21A14531}.Debug|Any CPU.Build.0 = Debug|Any CPU
		{29AF5075-73AA-42FA-A0AF-F1EF21A14531}.Release|Any CPU.ActiveCfg = Release|Any CPU
		{29AF5075-73AA-42FA-A0AF-F1EF21A14531}.Release|Any CPU.Build.0 = Release|Any CPU
	EndGlobalSection
	GlobalSection(SolutionProperties) = preSolution
		HideSolutionNode = FALSE
	EndGlobalSection
	GlobalSection(ExtensibilityGlobals) = postSolution
		SolutionGuid = {9ADFD970-DE50-4DF3-9D5D-1C15627AD415}
	EndGlobalSection
EndGlobal
